
Microsoft Visual Studio Solution File, Format Version 12.00
# Visual Studio Version 17
VisualStudioVersion = 17.13.35828.75 d17.13
MinimumVisualStudioVersion = 10.0.40219.1
Project("{FAE04EC0-301F-11D3-BF4B-00C04F79EFBC}") = "kafka-produce", "kafka-produce\kafka-produce.csproj", "{22B2379A-931F-4BCC-82AE-C0D3E968BCD0}"
EndProject
Global
	GlobalSection(SolutionConfigurationPlatforms) = preSolution
		Debug|Any CPU = Debug|Any CPU
		Release|Any CPU = Release|Any CPU
	EndGlobalSection
	GlobalSection(ProjectConfigurationPlatforms) = postSolution
		{22B2379A-931F-4BCC-82AE-C0D3E968BCD0}.Debug|Any CPU.ActiveCfg = Debug|Any CPU
		{22B2379A-931F-4BCC-82AE-C0D3E968BCD0}.Debug|Any CPU.Build.0 = Debug|Any CPU
		{22B2379A-931F-4BCC-82AE-C0D3E968BCD0}.Release|Any CPU.ActiveCfg = Release|Any CPU
		{22B2379A-931F-4BCC-82AE-C0D3E968BCD0}.Release|Any CPU.Build.0 = Release|Any CPU
	EndGlobalSection
	GlobalSection(SolutionProperties) = preSolution
		HideSolutionNode = FALSE
	EndGlobalSection
	GlobalSection(ExtensibilityGlobals) = postSolution
		SolutionGuid = {86FC0387-6501-46C6-BFB6-FB45091B4104}
	EndGlobalSection
EndGlobal
